{
  "name": "mydessertbot",
  "version": "1.0.0",
  "lockfileVersion": 1,
  "requires": true,
  "dependencies": {
    "random-dessert-generator": {
      "version": "git+https://github.com/sanijalal/random-dessert-generator.git#3002539ce63f3f92abdcabf367fbb3316b71a5c6",
      "from": "git+https://github.com/sanijalal/random-dessert-generator.git"
    }
  }
}
